
Microsoft Visual Studio Solution File, Format Version 12.00
# Visual Studio Version 17
VisualStudioVersion = 17.14.36616.10 d17.14
MinimumVisualStudioVersion = 10.0.40219.1
Project("{FAE04EC0-301F-11D3-BF4B-00C04F79EFBC}") = "MauiApp1", "MauiApp1\MauiApp1\MauiApp1.csproj", "{43FD059E-9351-44AD-9A88-6C1F3F4100B8}"
EndProject
Project("{FAE04EC0-301F-11D3-BF4B-00C04F79EFBC}") = "MauiApp1.Shared", "MauiApp1\MauiApp1.Shared\MauiApp1.Shared.csproj", "{C84FF9BE-7A4D-409C-9F75-EDDACD61FE19}"
EndProject
Project("{FAE04EC0-301F-11D3-BF4B-00C04F79EFBC}") = "MauiApp1.Web", "MauiApp1\MauiApp1.Web\MauiApp1.Web.csproj", "{3669E13B-636B-46BA-BCF9-18C6518BE1F6}"
EndProject
Global
	GlobalSection(SolutionConfigurationPlatforms) = preSolution
		Debug|Any CPU = Debug|Any CPU
		Release|Any CPU = Release|Any CPU
	EndGlobalSection
	GlobalSection(ProjectConfigurationPlatforms) = postSolution
		{43FD059E-9351-44AD-9A88-6C1F3F4100B8}.Debug|Any CPU.ActiveCfg = Debug|Any CPU
		{43FD059E-9351-44AD-9A88-6C1F3F4100B8}.Debug|Any CPU.Build.0 = Debug|Any CPU
		{43FD059E-9351-44AD-9A88-6C1F3F4100B8}.Release|Any CPU.ActiveCfg = Release|Any CPU
		{43FD059E-9351-44AD-9A88-6C1F3F4100B8}.Release|Any CPU.Build.0 = Release|Any CPU
		{C84FF9BE-7A4D-409C-9F75-EDDACD61FE19}.Debug|Any CPU.ActiveCfg = Debug|Any CPU
		{C84FF9BE-7A4D-409C-9F75-EDDACD61FE19}.Debug|Any CPU.Build.0 = Debug|Any CPU
		{C84FF9BE-7A4D-409C-9F75-EDDACD61FE19}.Release|Any CPU.ActiveCfg = Release|Any CPU
		{C84FF9BE-7A4D-409C-9F75-EDDACD61FE19}.Release|Any CPU.Build.0 = Release|Any CPU
		{3669E13B-636B-46BA-BCF9-18C6518BE1F6}.Debug|Any CPU.ActiveCfg = Debug|Any CPU
		{3669E13B-636B-46BA-BCF9-18C6518BE1F6}.Debug|Any CPU.Build.0 = Debug|Any CPU
		{3669E13B-636B-46BA-BCF9-18C6518BE1F6}.Release|Any CPU.ActiveCfg = Release|Any CPU
		{3669E13B-636B-46BA-BCF9-18C6518BE1F6}.Release|Any CPU.Build.0 = Release|Any CPU
	EndGlobalSection
	GlobalSection(SolutionProperties) = preSolution
		HideSolutionNode = FALSE
	EndGlobalSection
	GlobalSection(ExtensibilityGlobals) = postSolution
		SolutionGuid = {C194FB61-AA5B-4640-AE9B-8B56A9A49F64}
	EndGlobalSection
EndGlobal
